
Microsoft Visual Studio Solution File, Format Version 12.00
# Visual Studio Version 17
VisualStudioVersion = 17.0.31912.275
MinimumVisualStudioVersion = 10.0.40219.1
Project("{9A19103F-16F7-4668-BE54-9A1E7A4F7556}") = "Image.Business", "CityDiscoverTourist.Business\Image.Business.csproj", "{180E6547-188F-4803-9910-F6114E876B04}"
EndProject
Project("{9A19103F-16F7-4668-BE54-9A1E7A4F7556}") = "Image.Data", "Image.Data\Image.Data.csproj", "{E514699E-7854-4661-9EDE-18622DF92808}"
EndProject
Project("{9A19103F-16F7-4668-BE54-9A1E7A4F7556}") = "Image.API", "CityDiscoverTourist.API\Image.API.csproj", "{7E3E9652-C070-40F5-9453-95B62A50AED0}"
EndProject
Global
	GlobalSection(SolutionConfigurationPlatforms) = preSolution
		Debug|Any CPU = Debug|Any CPU
		Debug|x64 = Debug|x64
		Release|Any CPU = Release|Any CPU
		Release|x64 = Release|x64
	EndGlobalSection
	GlobalSection(ProjectConfigurationPlatforms) = postSolution
		{180E6547-188F-4803-9910-F6114E876B04}.Debug|Any CPU.ActiveCfg = Debug|Any CPU
		{180E6547-188F-4803-9910-F6114E876B04}.Debug|Any CPU.Build.0 = Debug|Any CPU
		{180E6547-188F-4803-9910-F6114E876B04}.Debug|x64.ActiveCfg = Debug|Any CPU
		{180E6547-188F-4803-9910-F6114E876B04}.Debug|x64.Build.0 = Debug|Any CPU
		{180E6547-188F-4803-9910-F6114E876B04}.Release|Any CPU.ActiveCfg = Release|Any CPU
		{180E6547-188F-4803-9910-F6114E876B04}.Release|Any CPU.Build.0 = Release|Any CPU
		{180E6547-188F-4803-9910-F6114E876B04}.Release|x64.ActiveCfg = Release|Any CPU
		{180E6547-188F-4803-9910-F6114E876B04}.Release|x64.Build.0 = Release|Any CPU
		{E514699E-7854-4661-9EDE-18622DF92808}.Debug|Any CPU.ActiveCfg = Debug|Any CPU
		{E514699E-7854-4661-9EDE-18622DF92808}.Debug|Any CPU.Build.0 = Debug|Any CPU
		{E514699E-7854-4661-9EDE-18622DF92808}.Debug|x64.ActiveCfg = Debug|Any CPU
		{E514699E-7854-4661-9EDE-18622DF92808}.Debug|x64.Build.0 = Debug|Any CPU
		{E514699E-7854-4661-9EDE-18622DF92808}.Release|Any CPU.ActiveCfg = Release|Any CPU
		{E514699E-7854-4661-9EDE-18622DF92808}.Release|Any CPU.Build.0 = Release|Any CPU
		{E514699E-7854-4661-9EDE-18622DF92808}.Release|x64.ActiveCfg = Release|Any CPU
		{E514699E-7854-4661-9EDE-18622DF92808}.Release|x64.Build.0 = Release|Any CPU
		{7E3E9652-C070-40F5-9453-95B62A50AED0}.Debug|Any CPU.ActiveCfg = Debug|Any CPU
		{7E3E9652-C070-40F5-9453-95B62A50AED0}.Debug|Any CPU.Build.0 = Debug|Any CPU
		{7E3E9652-C070-40F5-9453-95B62A50AED0}.Debug|x64.ActiveCfg = Debug|x64
		{7E3E9652-C070-40F5-9453-95B62A50AED0}.Debug|x64.Build.0 = Debug|x64
		{7E3E9652-C070-40F5-9453-95B62A50AED0}.Release|Any CPU.ActiveCfg = Release|Any CPU
		{7E3E9652-C070-40F5-9453-95B62A50AED0}.Release|Any CPU.Build.0 = Release|Any CPU
		{7E3E9652-C070-40F5-9453-95B62A50AED0}.Release|x64.ActiveCfg = Release|x64
		{7E3E9652-C070-40F5-9453-95B62A50AED0}.Release|x64.Build.0 = Release|x64
	EndGlobalSection
	GlobalSection(SolutionProperties) = preSolution
		HideSolutionNode = FALSE
	EndGlobalSection
	GlobalSection(ExtensibilityGlobals) = postSolution
		SolutionGuid = {F8481602-AA67-43EE-AD17-0BF5AC436B1B}
	EndGlobalSection
EndGlobal
